
Microsoft Visual Studio Solution File, Format Version 12.00
# Visual Studio Version 17
VisualStudioVersion = 17.0.31611.283
MinimumVisualStudioVersion = 10.0.40219.1
Project("{9A19103F-16F7-4668-BE54-9A1E7A4F7556}") = "TubePlayer", "TubePlayer\TubePlayer.csproj", "{ACC7ECAA-810C-421B-89BB-8DAA938553A7}"
EndProject
Project("{FAE04EC0-301F-11D3-BF4B-00C04F79EFBC}") = "Maui.Apps.Framework", "Maui.Apps.Framework\Maui.Apps.Framework.csproj", "{3C8EA660-1493-48F9-A250-B99BA268F81D}"
EndProject
Global
	GlobalSection(SolutionConfigurationPlatforms) = preSolution
		Debug|Any CPU = Debug|Any CPU
		Release|Any CPU = Release|Any CPU
	EndGlobalSection
	GlobalSection(ProjectConfigurationPlatforms) = postSolution
		{ACC7ECAA-810C-421B-89BB-8DAA938553A7}.Debug|Any CPU.ActiveCfg = Debug|Any CPU
		{ACC7ECAA-810C-421B-89BB-8DAA938553A7}.Debug|Any CPU.Build.0 = Debug|Any CPU
		{ACC7ECAA-810C-421B-89BB-8DAA938553A7}.Debug|Any CPU.Deploy.0 = Debug|Any CPU
		{ACC7ECAA-810C-421B-89BB-8DAA938553A7}.Release|Any CPU.ActiveCfg = Release|Any CPU
		{ACC7ECAA-810C-421B-89BB-8DAA938553A7}.Release|Any CPU.Build.0 = Release|Any CPU
		{ACC7ECAA-810C-421B-89BB-8DAA938553A7}.Release|Any CPU.Deploy.0 = Release|Any CPU
		{3C8EA660-1493-48F9-A250-B99BA268F81D}.Debug|Any CPU.ActiveCfg = Debug|Any CPU
		{3C8EA660-1493-48F9-A250-B99BA268F81D}.Debug|Any CPU.Build.0 = Debug|Any CPU
		{3C8EA660-1493-48F9-A250-B99BA268F81D}.Release|Any CPU.ActiveCfg = Release|Any CPU
		{3C8EA660-1493-48F9-A250-B99BA268F81D}.Release|Any CPU.Build.0 = Release|Any CPU
	EndGlobalSection
	GlobalSection(SolutionProperties) = preSolution
		HideSolutionNode = FALSE
	EndGlobalSection
	GlobalSection(ExtensibilityGlobals) = postSolution
		SolutionGuid = {61F7FB11-1E47-470C-91E2-47F8143E1572}
	EndGlobalSection
EndGlobal
